
Microsoft Visual Studio Solution File, Format Version 12.00
# Visual Studio 14
VisualStudioVersion = 14.0.25420.1
MinimumVisualStudioVersion = 10.0.40219.1
Project("{FAE04EC0-301F-11D3-BF4B-00C04F79EFBC}") = "Store.WebUI", "Store\Store.WebUI.csproj", "{3128BB17-E46F-4991-8DB5-81030CF9567C}"
EndProject
Project("{FAE04EC0-301F-11D3-BF4B-00C04F79EFBC}") = "Store.Domain", "Store.Domain\Store.Domain.csproj", "{6C2C77EF-30D6-41FE-8C4A-76B50D4DBC03}"
EndProject
Project("{FAE04EC0-301F-11D3-BF4B-00C04F79EFBC}") = "Store.UnitTests", "Store.UnitTests\Store.UnitTests.csproj", "{7D984E8D-1E76-41F2-B05E-BCEC0C4D21F0}"
EndProject
Global
	GlobalSection(SolutionConfigurationPlatforms) = preSolution
		Debug|Any CPU = Debug|Any CPU
		Release|Any CPU = Release|Any CPU
	EndGlobalSection
	GlobalSection(ProjectConfigurationPlatforms) = postSolution
		{3128BB17-E46F-4991-8DB5-81030CF9567C}.Debug|Any CPU.ActiveCfg = Debug|Any CPU
		{3128BB17-E46F-4991-8DB5-81030CF9567C}.Debug|Any CPU.Build.0 = Debug|Any CPU
		{3128BB17-E46F-4991-8DB5-81030CF9567C}.Release|Any CPU.ActiveCfg = Release|Any CPU
		{3128BB17-E46F-4991-8DB5-81030CF9567C}.Release|Any CPU.Build.0 = Release|Any CPU
		{6C2C77EF-30D6-41FE-8C4A-76B50D4DBC03}.Debug|Any CPU.ActiveCfg = Debug|Any CPU
		{6C2C77EF-30D6-41FE-8C4A-76B50D4DBC03}.Debug|Any CPU.Build.0 = Debug|Any CPU
		{6C2C77EF-30D6-41FE-8C4A-76B50D4DBC03}.Release|Any CPU.ActiveCfg = Release|Any CPU
		{6C2C77EF-30D6-41FE-8C4A-76B50D4DBC03}.Release|Any CPU.Build.0 = Release|Any CPU
		{7D984E8D-1E76-41F2-B05E-BCEC0C4D21F0}.Debug|Any CPU.ActiveCfg = Debug|Any CPU
		{7D984E8D-1E76-41F2-B05E-BCEC0C4D21F0}.Debug|Any CPU.Build.0 = Debug|Any CPU
		{7D984E8D-1E76-41F2-B05E-BCEC0C4D21F0}.Release|Any CPU.ActiveCfg = Release|Any CPU
		{7D984E8D-1E76-41F2-B05E-BCEC0C4D21F0}.Release|Any CPU.Build.0 = Release|Any CPU
	EndGlobalSection
	GlobalSection(SolutionProperties) = preSolution
		HideSolutionNode = FALSE
	EndGlobalSection
EndGlobal
